
Microsoft Visual Studio Solution File, Format Version 12.00
# Visual Studio Version 16
VisualStudioVersion = 16.0.31911.196
MinimumVisualStudioVersion = 10.0.40219.1
Project("{FAE04EC0-301F-11D3-BF4B-00C04F79EFBC}") = "Review", "Review.csproj", "{EE25DC2A-9896-4681-AA6E-136ECEFFF47F}"
EndProject
Global
	GlobalSection(SolutionConfigurationPlatforms) = preSolution
		Debug|Any CPU = Debug|Any CPU
		Release|Any CPU = Release|Any CPU
	EndGlobalSection
	GlobalSection(ProjectConfigurationPlatforms) = postSolution
		{EE25DC2A-9896-4681-AA6E-136ECEFFF47F}.Debug|Any CPU.ActiveCfg = Debug|Any CPU
		{EE25DC2A-9896-4681-AA6E-136ECEFFF47F}.Debug|Any CPU.Build.0 = Debug|Any CPU
		{EE25DC2A-9896-4681-AA6E-136ECEFFF47F}.Release|Any CPU.ActiveCfg = Release|Any CPU
		{EE25DC2A-9896-4681-AA6E-136ECEFFF47F}.Release|Any CPU.Build.0 = Release|Any CPU
	EndGlobalSection
	GlobalSection(SolutionProperties) = preSolution
		HideSolutionNode = FALSE
	EndGlobalSection
	GlobalSection(ExtensibilityGlobals) = postSolution
		SolutionGuid = {7D28348B-C615-4DDE-AEF1-0E459C72269C}
	EndGlobalSection
EndGlobal
