
Microsoft Visual Studio Solution File, Format Version 12.00
# Visual Studio Version 16
VisualStudioVersion = 16.0.32126.315
MinimumVisualStudioVersion = 10.0.40219.1
Project("{FAE04EC0-301F-11D3-BF4B-00C04F79EFBC}") = "20220301TextBox", "20220301TextBox\20220301TextBox.csproj", "{E90D0FCA-F82B-4E95-9693-1A82F379DB07}"
EndProject
Global
	GlobalSection(SolutionConfigurationPlatforms) = preSolution
		Debug|Any CPU = Debug|Any CPU
		Release|Any CPU = Release|Any CPU
	EndGlobalSection
	GlobalSection(ProjectConfigurationPlatforms) = postSolution
		{E90D0FCA-F82B-4E95-9693-1A82F379DB07}.Debug|Any CPU.ActiveCfg = Debug|Any CPU
		{E90D0FCA-F82B-4E95-9693-1A82F379DB07}.Debug|Any CPU.Build.0 = Debug|Any CPU
		{E90D0FCA-F82B-4E95-9693-1A82F379DB07}.Release|Any CPU.ActiveCfg = Release|Any CPU
		{E90D0FCA-F82B-4E95-9693-1A82F379DB07}.Release|Any CPU.Build.0 = Release|Any CPU
	EndGlobalSection
	GlobalSection(SolutionProperties) = preSolution
		HideSolutionNode = FALSE
	EndGlobalSection
	GlobalSection(ExtensibilityGlobals) = postSolution
		SolutionGuid = {9B8128BD-7058-4700-999A-58967C06CE85}
	EndGlobalSection
EndGlobal
